
Microsoft Visual Studio Solution File, Format Version 12.00
# Visual Studio Version 17
VisualStudioVersion = 17.1.31911.260
MinimumVisualStudioVersion = 10.0.40219.1
Project("{8BC9CEB8-8B4A-11D0-8D11-00A0C91BC942}") = "дз 17", "дз 17\дз 17.vcxproj", "{03784C76-9D69-4B2C-AC6C-D2377DCE48FB}"
EndProject
Global
	GlobalSection(SolutionConfigurationPlatforms) = preSolution
		Debug|x64 = Debug|x64
		Debug|x86 = Debug|x86
		Release|x64 = Release|x64
		Release|x86 = Release|x86
	EndGlobalSection
	GlobalSection(ProjectConfigurationPlatforms) = postSolution
		{03784C76-9D69-4B2C-AC6C-D2377DCE48FB}.Debug|x64.ActiveCfg = Debug|x64
		{03784C76-9D69-4B2C-AC6C-D2377DCE48FB}.Debug|x64.Build.0 = Debug|x64
		{03784C76-9D69-4B2C-AC6C-D2377DCE48FB}.Debug|x86.ActiveCfg = Debug|Win32
		{03784C76-9D69-4B2C-AC6C-D2377DCE48FB}.Debug|x86.Build.0 = Debug|Win32
		{03784C76-9D69-4B2C-AC6C-D2377DCE48FB}.Release|x64.ActiveCfg = Release|x64
		{03784C76-9D69-4B2C-AC6C-D2377DCE48FB}.Release|x64.Build.0 = Release|x64
		{03784C76-9D69-4B2C-AC6C-D2377DCE48FB}.Release|x86.ActiveCfg = Release|Win32
		{03784C76-9D69-4B2C-AC6C-D2377DCE48FB}.Release|x86.Build.0 = Release|Win32
	EndGlobalSection
	GlobalSection(SolutionProperties) = preSolution
		HideSolutionNode = FALSE
	EndGlobalSection
	GlobalSection(ExtensibilityGlobals) = postSolution
		SolutionGuid = {3563D668-BB28-4428-A94D-A41DE987198F}
	EndGlobalSection
EndGlobal
